
Microsoft Visual Studio Solution File, Format Version 12.00
# Visual Studio Version 17
VisualStudioVersion = 17.1.32210.238
MinimumVisualStudioVersion = 10.0.40219.1
Project("{FAE04EC0-301F-11D3-BF4B-00C04F79EFBC}") = "PersonnelAccounting", "PersonnelAccounting\PersonnelAccounting.csproj", "{92815358-8D6E-4F9B-BB37-F9B402AA9DA1}"
EndProject
Global
	GlobalSection(SolutionConfigurationPlatforms) = preSolution
		Debug|Any CPU = Debug|Any CPU
		Release|Any CPU = Release|Any CPU
	EndGlobalSection
	GlobalSection(ProjectConfigurationPlatforms) = postSolution
		{92815358-8D6E-4F9B-BB37-F9B402AA9DA1}.Debug|Any CPU.ActiveCfg = Debug|Any CPU
		{92815358-8D6E-4F9B-BB37-F9B402AA9DA1}.Debug|Any CPU.Build.0 = Debug|Any CPU
		{92815358-8D6E-4F9B-BB37-F9B402AA9DA1}.Release|Any CPU.ActiveCfg = Release|Any CPU
		{92815358-8D6E-4F9B-BB37-F9B402AA9DA1}.Release|Any CPU.Build.0 = Release|Any CPU
	EndGlobalSection
	GlobalSection(SolutionProperties) = preSolution
		HideSolutionNode = FALSE
	EndGlobalSection
	GlobalSection(ExtensibilityGlobals) = postSolution
		SolutionGuid = {C9206CD2-6146-482A-ABAD-3EE799209D27}
	EndGlobalSection
EndGlobal
